{
  "nodes": {
    "nixpkgs": {
      "locked": {
        "lastModified": 1791048980,
        "narHash": "sha256-KgItSKML8Xvte0B7/uGnBDsYzSnnKHcOaiUbgWBXLXw=",
        "owner": "nixos",
        "repo": "nixpkgs",
        "rev": "a7868a727837f3c09cee2ce0ca671c76b1589fed",
        "type": "github"
      },
      "original": {
        "owner": "nixos",
        "ref": "nixos-unstable",
        "repo": "nixpkgs",
        "type": "github"
      }
    },
    "nixpkgs_2": {
      "locked": {
        "lastModified": 1784356753,
        "narHash": "sha256-12KrbMiWLcf8m7pCvAtZh1ZrgF85ZXDXvfR/fWTKy84=",
        "owner": "nixos",
        "repo": "nixpkgs",
        "rev": "61b7c44c4073f0b827768aff0049561b5110ea5a",
        "type": "github"
      },
      "original": {
        "owner": "nixos",
        "ref": "nixos-unstable",
        "repo": "nixpkgs",
        "type": "github"
      }
    },
    "root": {
      "inputs": {
        "nixpkgs": "nixpkgs",
        "tablog": "tablog"
      }
    },
    "tablog": {
      "inputs": {
        "nixpkgs": "nixpkgs_2"
      },
      "locked": {
        "lastModified": 1784813121,
        "narHash": "sha256-ixwsmElsnlQE0MHPjS6m5+XmS47bFPHBYtZIxCTwLB8=",
        "owner": "Sobottasgithub",
        "repo": "tablog",
        "rev": "e47b0796e6a0820315a846fb02a9c9c89b5bda33",
        "type": "github"
      },
      "original": {
        "owner": "Sobottasgithub",
        "repo": "tablog",
        "type": "github"
      }
    }
  },
  "root": "root",
  "version": 7
}
